
Microsoft Visual Studio Solution File, Format Version 12.00
# Visual Studio Version 16
VisualStudioVersion = 16.0.808.0
MinimumVisualStudioVersion = 10.0.40219.1
Project("{9A19103F-16F7-4668-BE54-9A1E7A4F7556}") = "Day1", "Day1\Day1.csproj", "{9F4352CB-A9C1-4316-9583-EC00E7730A6B}"
EndProject
Project("{9A19103F-16F7-4668-BE54-9A1E7A4F7556}") = "Day2", "Day2\Day2.csproj", "{7EED0703-FE64-4735-B5CD-9B8777212986}"
EndProject
Project("{9A19103F-16F7-4668-BE54-9A1E7A4F7556}") = "Day2.Tests", "Day2.Tests\Day2.Tests.csproj", "{01DE5EED-8FF2-475E-8F87-3FF61760DFC3}"
EndProject
Project("{9A19103F-16F7-4668-BE54-9A1E7A4F7556}") = "Day3", "Day3\Day3.csproj", "{FB4C6386-DF34-4308-A506-1445A6A652C6}"
EndProject
Project("{9A19103F-16F7-4668-BE54-9A1E7A4F7556}") = "Day3.Tests", "Day3.Tests\Day3.Tests.csproj", "{9093B75B-209A-4B54-8C07-21779613A873}"
EndProject
Project("{9A19103F-16F7-4668-BE54-9A1E7A4F7556}") = "Day4", "Day4\Day4.csproj", "{FE49027B-64E5-4649-9891-C38A758710AE}"
EndProject
Project("{9A19103F-16F7-4668-BE54-9A1E7A4F7556}") = "Day4.Tests", "Day4.Tests\Day4.Tests.csproj", "{F1F269BA-A54D-4FB8-8FA0-407087A59F5B}"
EndProject
Project("{9A19103F-16F7-4668-BE54-9A1E7A4F7556}") = "Day5", "Day5\Day5.csproj", "{A8A15A67-4BDC-438C-8914-F99BACF879D2}"
EndProject
Project("{9A19103F-16F7-4668-BE54-9A1E7A4F7556}") = "Day5.Tests", "Day5.Tests\Day5.Tests.csproj", "{951E30A7-BF7C-4118-AA40-1831DE314406}"
EndProject
Project("{9A19103F-16F7-4668-BE54-9A1E7A4F7556}") = "Day6", "Day6\Day6.csproj", "{E7F7C6BB-61F1-49E1-B890-02DB51904DBE}"
EndProject
Project("{9A19103F-16F7-4668-BE54-9A1E7A4F7556}") = "Day6.Tests", "Day6.Tests\Day6.Tests.csproj", "{404862D3-E98B-420F-AE6A-8821D3517096}"
EndProject
Project("{FAE04EC0-301F-11D3-BF4B-00C04F79EFBC}") = "Day7", "Day7\Day7.csproj", "{6A95C9B3-1AF6-40F1-8495-14C896D00EFB}"
EndProject
Project("{FAE04EC0-301F-11D3-BF4B-00C04F79EFBC}") = "Day7.Tests", "Day7.Tests\Day7.Tests.csproj", "{0BED3F25-515C-4ACF-828F-05BCB9937D36}"
EndProject
Global
	GlobalSection(SolutionConfigurationPlatforms) = preSolution
		Debug|Any CPU = Debug|Any CPU
		Release|Any CPU = Release|Any CPU
	EndGlobalSection
	GlobalSection(ProjectConfigurationPlatforms) = postSolution
		{9F4352CB-A9C1-4316-9583-EC00E7730A6B}.Debug|Any CPU.ActiveCfg = Debug|Any CPU
		{9F4352CB-A9C1-4316-9583-EC00E7730A6B}.Debug|Any CPU.Build.0 = Debug|Any CPU
		{9F4352CB-A9C1-4316-9583-EC00E7730A6B}.Release|Any CPU.ActiveCfg = Release|Any CPU
		{9F4352CB-A9C1-4316-9583-EC00E7730A6B}.Release|Any CPU.Build.0 = Release|Any CPU
		{7EED0703-FE64-4735-B5CD-9B8777212986}.Debug|Any CPU.ActiveCfg = Debug|Any CPU
		{7EED0703-FE64-4735-B5CD-9B8777212986}.Debug|Any CPU.Build.0 = Debug|Any CPU
		{7EED0703-FE64-4735-B5CD-9B8777212986}.Release|Any CPU.ActiveCfg = Release|Any CPU
		{7EED0703-FE64-4735-B5CD-9B8777212986}.Release|Any CPU.Build.0 = Release|Any CPU
		{01DE5EED-8FF2-475E-8F87-3FF61760DFC3}.Debug|Any CPU.ActiveCfg = Debug|Any CPU
		{01DE5EED-8FF2-475E-8F87-3FF61760DFC3}.Debug|Any CPU.Build.0 = Debug|Any CPU
		{01DE5EED-8FF2-475E-8F87-3FF61760DFC3}.Release|Any CPU.ActiveCfg = Release|Any CPU
		{01DE5EED-8FF2-475E-8F87-3FF61760DFC3}.Release|Any CPU.Build.0 = Release|Any CPU
		{FB4C6386-DF34-4308-A506-1445A6A652C6}.Debug|Any CPU.ActiveCfg = Debug|Any CPU
		{FB4C6386-DF34-4308-A506-1445A6A652C6}.Debug|Any CPU.Build.0 = Debug|Any CPU
		{FB4C6386-DF34-4308-A506-1445A6A652C6}.Release|Any CPU.ActiveCfg = Release|Any CPU
		{FB4C6386-DF34-4308-A506-1445A6A652C6}.Release|Any CPU.Build.0 = Release|Any CPU
		{9093B75B-209A-4B54-8C07-21779613A873}.Debug|Any CPU.ActiveCfg = Debug|Any CPU
		{9093B75B-209A-4B54-8C07-21779613A873}.Debug|Any CPU.Build.0 = Debug|Any CPU
		{9093B75B-209A-4B54-8C07-21779613A873}.Release|Any CPU.ActiveCfg = Release|Any CPU
		{9093B75B-209A-4B54-8C07-21779613A873}.Release|Any CPU.Build.0 = Release|Any CPU
		{FE49027B-64E5-4649-9891-C38A758710AE}.Debug|Any CPU.ActiveCfg = Debug|Any CPU
		{FE49027B-64E5-4649-9891-C38A758710AE}.Debug|Any CPU.Build.0 = Debug|Any CPU
		{FE49027B-64E5-4649-9891-C38A758710AE}.Release|Any CPU.ActiveCfg = Release|Any CPU
		{FE49027B-64E5-4649-9891-C38A758710AE}.Release|Any CPU.Build.0 = Release|Any CPU
		{F1F269BA-A54D-4FB8-8FA0-407087A59F5B}.Debug|Any CPU.ActiveCfg = Debug|Any CPU
		{F1F269BA-A54D-4FB8-8FA0-407087A59F5B}.Debug|Any CPU.Build.0 = Debug|Any CPU
		{F1F269BA-A54D-4FB8-8FA0-407087A59F5B}.Release|Any CPU.ActiveCfg = Release|Any CPU
		{F1F269BA-A54D-4FB8-8FA0-407087A59F5B}.Release|Any CPU.Build.0 = Release|Any CPU
		{A8A15A67-4BDC-438C-8914-F99BACF879D2}.Debug|Any CPU.ActiveCfg = Debug|Any CPU
		{A8A15A67-4BDC-438C-8914-F99BACF879D2}.Debug|Any CPU.Build.0 = Debug|Any CPU
		{A8A15A67-4BDC-438C-8914-F99BACF879D2}.Release|Any CPU.ActiveCfg = Release|Any CPU
		{A8A15A67-4BDC-438C-8914-F99BACF879D2}.Release|Any CPU.Build.0 = Release|Any CPU
		{951E30A7-BF7C-4118-AA40-1831DE314406}.Debug|Any CPU.ActiveCfg = Debug|Any CPU
		{951E30A7-BF7C-4118-AA40-1831DE314406}.Debug|Any CPU.Build.0 = Debug|Any CPU
		{951E30A7-BF7C-4118-AA40-1831DE314406}.Release|Any CPU.ActiveCfg = Release|Any CPU
		{951E30A7-BF7C-4118-AA40-1831DE314406}.Release|Any CPU.Build.0 = Release|Any CPU
		{E7F7C6BB-61F1-49E1-B890-02DB51904DBE}.Debug|Any CPU.ActiveCfg = Debug|Any CPU
		{E7F7C6BB-61F1-49E1-B890-02DB51904DBE}.Debug|Any CPU.Build.0 = Debug|Any CPU
		{E7F7C6BB-61F1-49E1-B890-02DB51904DBE}.Release|Any CPU.ActiveCfg = Release|Any CPU
		{E7F7C6BB-61F1-49E1-B890-02DB51904DBE}.Release|Any CPU.Build.0 = Release|Any CPU
		{404862D3-E98B-420F-AE6A-8821D3517096}.Debug|Any CPU.ActiveCfg = Debug|Any CPU
		{404862D3-E98B-420F-AE6A-8821D3517096}.Debug|Any CPU.Build.0 = Debug|Any CPU
		{404862D3-E98B-420F-AE6A-8821D3517096}.Release|Any CPU.ActiveCfg = Release|Any CPU
		{404862D3-E98B-420F-AE6A-8821D3517096}.Release|Any CPU.Build.0 = Release|Any CPU
		{6A95C9B3-1AF6-40F1-8495-14C896D00EFB}.Debug|Any CPU.ActiveCfg = Debug|Any CPU
		{6A95C9B3-1AF6-40F1-8495-14C896D00EFB}.Debug|Any CPU.Build.0 = Debug|Any CPU
		{6A95C9B3-1AF6-40F1-8495-14C896D00EFB}.Release|Any CPU.ActiveCfg = Release|Any CPU
		{6A95C9B3-1AF6-40F1-8495-14C896D00EFB}.Release|Any CPU.Build.0 = Release|Any CPU
		{0BED3F25-515C-4ACF-828F-05BCB9937D36}.Debug|Any CPU.ActiveCfg = Debug|Any CPU
		{0BED3F25-515C-4ACF-828F-05BCB9937D36}.Debug|Any CPU.Build.0 = Debug|Any CPU
		{0BED3F25-515C-4ACF-828F-05BCB9937D36}.Release|Any CPU.ActiveCfg = Release|Any CPU
		{0BED3F25-515C-4ACF-828F-05BCB9937D36}.Release|Any CPU.Build.0 = Release|Any CPU
	EndGlobalSection
	GlobalSection(SolutionProperties) = preSolution
		HideSolutionNode = FALSE
	EndGlobalSection
	GlobalSection(ExtensibilityGlobals) = postSolution
		SolutionGuid = {361707C2-8D7B-4E86-9A02-921AA0CD0B71}
	EndGlobalSection
EndGlobal
