
Microsoft Visual Studio Solution File, Format Version 12.00
# Visual Studio Version 16
VisualStudioVersion = 16.0.808.0
MinimumVisualStudioVersion = 10.0.40219.1
Project("{9A19103F-16F7-4668-BE54-9A1E7A4F7556}") = "Day1", "Day1\Day1.csproj", "{9F4352CB-A9C1-4316-9583-EC00E7730A6B}"
EndProject
Project("{9A19103F-16F7-4668-BE54-9A1E7A4F7556}") = "Day2", "Day2\Day2.csproj", "{7EED0703-FE64-4735-B5CD-9B8777212986}"
EndProject
Project("{FAE04EC0-301F-11D3-BF4B-00C04F79EFBC}") = "Day2.Tests", "Day2.Tests\Day2.Tests.csproj", "{01DE5EED-8FF2-475E-8F87-3FF61760DFC3}"
EndProject
Global
	GlobalSection(SolutionConfigurationPlatforms) = preSolution
		Debug|Any CPU = Debug|Any CPU
		Release|Any CPU = Release|Any CPU
	EndGlobalSection
	GlobalSection(ProjectConfigurationPlatforms) = postSolution
		{9F4352CB-A9C1-4316-9583-EC00E7730A6B}.Debug|Any CPU.ActiveCfg = Debug|Any CPU
		{9F4352CB-A9C1-4316-9583-EC00E7730A6B}.Debug|Any CPU.Build.0 = Debug|Any CPU
		{9F4352CB-A9C1-4316-9583-EC00E7730A6B}.Release|Any CPU.ActiveCfg = Release|Any CPU
		{9F4352CB-A9C1-4316-9583-EC00E7730A6B}.Release|Any CPU.Build.0 = Release|Any CPU
		{7EED0703-FE64-4735-B5CD-9B8777212986}.Debug|Any CPU.ActiveCfg = Debug|Any CPU
		{7EED0703-FE64-4735-B5CD-9B8777212986}.Debug|Any CPU.Build.0 = Debug|Any CPU
		{7EED0703-FE64-4735-B5CD-9B8777212986}.Release|Any CPU.ActiveCfg = Release|Any CPU
		{7EED0703-FE64-4735-B5CD-9B8777212986}.Release|Any CPU.Build.0 = Release|Any CPU
		{01DE5EED-8FF2-475E-8F87-3FF61760DFC3}.Debug|Any CPU.ActiveCfg = Debug|Any CPU
		{01DE5EED-8FF2-475E-8F87-3FF61760DFC3}.Debug|Any CPU.Build.0 = Debug|Any CPU
		{01DE5EED-8FF2-475E-8F87-3FF61760DFC3}.Release|Any CPU.ActiveCfg = Release|Any CPU
		{01DE5EED-8FF2-475E-8F87-3FF61760DFC3}.Release|Any CPU.Build.0 = Release|Any CPU
	EndGlobalSection
	GlobalSection(SolutionProperties) = preSolution
		HideSolutionNode = FALSE
	EndGlobalSection
	GlobalSection(ExtensibilityGlobals) = postSolution
		SolutionGuid = {361707C2-8D7B-4E86-9A02-921AA0CD0B71}
	EndGlobalSection
EndGlobal
