
Microsoft Visual Studio Solution File, Format Version 12.00
# Visual Studio Version 16
VisualStudioVersion = 16.0.808.0
MinimumVisualStudioVersion = 10.0.40219.1
Project("{FAE04EC0-301F-11D3-BF4B-00C04F79EFBC}") = "Day1", "Day1\Day1.csproj", "{9F4352CB-A9C1-4316-9583-EC00E7730A6B}"
EndProject
Global
	GlobalSection(SolutionConfigurationPlatforms) = preSolution
		Debug|Any CPU = Debug|Any CPU
		Release|Any CPU = Release|Any CPU
	EndGlobalSection
	GlobalSection(ProjectConfigurationPlatforms) = postSolution
		{9F4352CB-A9C1-4316-9583-EC00E7730A6B}.Debug|Any CPU.ActiveCfg = Debug|Any CPU
		{9F4352CB-A9C1-4316-9583-EC00E7730A6B}.Debug|Any CPU.Build.0 = Debug|Any CPU
		{9F4352CB-A9C1-4316-9583-EC00E7730A6B}.Release|Any CPU.ActiveCfg = Release|Any CPU
		{9F4352CB-A9C1-4316-9583-EC00E7730A6B}.Release|Any CPU.Build.0 = Release|Any CPU
	EndGlobalSection
	GlobalSection(SolutionProperties) = preSolution
		HideSolutionNode = FALSE
	EndGlobalSection
	GlobalSection(ExtensibilityGlobals) = postSolution
		SolutionGuid = {361707C2-8D7B-4E86-9A02-921AA0CD0B71}
	EndGlobalSection
EndGlobal
